# THIS IS AN AUTOGENERATED FILE. DO NOT EDIT THIS FILE DIRECTLY.
# yarn lockfile v1


"@stencil/core@1.0.0-beta.8":
  version "1.0.0-beta.8"
  resolved "https://registry.yarnpkg.com/@stencil/core/-/core-1.0.0-beta.8.tgz#34dca840498340a62c7571dae8cf6edbcb4ee48a"
  dependencies:
    typescript "3.5.1"

"@stencil/router@one":
  version "1.0.0"
  resolved "https://registry.yarnpkg.com/@stencil/router/-/router-1.0.0.tgz#f72d9af699758763f03eb26233a4838ff5af1a04"
  dependencies:
    "@stencil/state-tunnel" "^1.0.0-1"

"@stencil/state-tunnel@^1.0.0-1":
  version "1.0.0"
  resolved "https://registry.yarnpkg.com/@stencil/state-tunnel/-/state-tunnel-1.0.0.tgz#ab4f0069d37a35c289b8b047522d4a337a845865"

reorbit@^0.0.3:
  version "0.0.3"
  resolved "https://registry.yarnpkg.com/reorbit/-/reorbit-0.0.3.tgz#d389dbb8d94877bde2bc010ca95ff0b88b57c548"

typescript@3.5.1:
  version "3.5.1"
  resolved "https://registry.yarnpkg.com/typescript/-/typescript-3.5.1.tgz#ba72a6a600b2158139c5dd8850f700e231464202"
